
Microsoft Visual Studio Solution File, Format Version 12.00
# Visual Studio Version 17
VisualStudioVersion = 17.11.35222.181
MinimumVisualStudioVersion = 10.0.40219.1
Project("{FAE04EC0-301F-11D3-BF4B-00C04F79EFBC}") = "TekusAPI", "TekusAPI.csproj", "{CBD89CDD-3424-429C-9D2A-507EEA6CD0C3}"
EndProject
Global
	GlobalSection(SolutionConfigurationPlatforms) = preSolution
		Debug|Any CPU = Debug|Any CPU
		Release|Any CPU = Release|Any CPU
	EndGlobalSection
	GlobalSection(ProjectConfigurationPlatforms) = postSolution
		{CBD89CDD-3424-429C-9D2A-507EEA6CD0C3}.Debug|Any CPU.ActiveCfg = Debug|Any CPU
		{CBD89CDD-3424-429C-9D2A-507EEA6CD0C3}.Debug|Any CPU.Build.0 = Debug|Any CPU
		{CBD89CDD-3424-429C-9D2A-507EEA6CD0C3}.Release|Any CPU.ActiveCfg = Release|Any CPU
		{CBD89CDD-3424-429C-9D2A-507EEA6CD0C3}.Release|Any CPU.Build.0 = Release|Any CPU
	EndGlobalSection
	GlobalSection(SolutionProperties) = preSolution
		HideSolutionNode = FALSE
	EndGlobalSection
	GlobalSection(ExtensibilityGlobals) = postSolution
		SolutionGuid = {AC4C8893-1A65-4E2F-9975-F506D85A75D3}
	EndGlobalSection
EndGlobal
